
Microsoft Visual Studio Solution File, Format Version 12.00
# Visual Studio 14
VisualStudioVersion = 14.0.23107.0
MinimumVisualStudioVersion = 10.0.40219.1
Project("{FAE04EC0-301F-11D3-BF4B-00C04F79EFBC}") = "MqttStressTester", "MqttStressTester\MqttStressTester.csproj", "{C6FEAC35-A15D-4E99-95A3-C24CD2FDD798}"
EndProject
Project("{FAE04EC0-301F-11D3-BF4B-00C04F79EFBC}") = "CloudMqttStressTester", "CloudMqttStressTester\CloudMqttStressTester.csproj", "{CF2BE8A8-3FB2-4036-8600-5BB87038B407}"
EndProject
Project("{CC5FD16D-436D-48AD-A40C-5A424C6E3E79}") = "CloudStressTester", "CloudStressTester\CloudStressTester.ccproj", "{7B81CF19-F842-44FF-B8AF-BDA4AF3F8079}"
EndProject
Project("{FAE04EC0-301F-11D3-BF4B-00C04F79EFBC}") = "ConcurrentConnectionTester", "ConcurrentConnectionTester\ConcurrentConnectionTester.csproj", "{5E1EBD0E-F6FE-4100-A92A-37383045F56C}"
EndProject
Project("{2150E333-8FDC-42A3-9474-1A3956D46DE8}") = "10 Workers", "10 Workers", "{6A0FFD90-2F3D-4D02-ABF9-D63B11CC7442}"
EndProject
Project("{2150E333-8FDC-42A3-9474-1A3956D46DE8}") = "11 Deployment", "11 Deployment", "{7FB323B4-3ED9-4406-9946-EAF03F90ABEE}"
EndProject
Project("{2150E333-8FDC-42A3-9474-1A3956D46DE8}") = "30 Tests", "30 Tests", "{F2D2E5F0-A96A-427E-A5D7-3D7864E30C8C}"
EndProject
Project("{CC5FD16D-436D-48AD-A40C-5A424C6E3E79}") = "CloudConcurrentConnectionStressTester", "CloudConcurrentConnectionStressTester\CloudConcurrentConnectionStressTester.ccproj", "{94E2924A-5A95-4A38-A946-719AB622BCFF}"
EndProject
Global
	GlobalSection(SolutionConfigurationPlatforms) = preSolution
		Debug|Any CPU = Debug|Any CPU
		Release|Any CPU = Release|Any CPU
	EndGlobalSection
	GlobalSection(ProjectConfigurationPlatforms) = postSolution
		{C6FEAC35-A15D-4E99-95A3-C24CD2FDD798}.Debug|Any CPU.ActiveCfg = Debug|Any CPU
		{C6FEAC35-A15D-4E99-95A3-C24CD2FDD798}.Debug|Any CPU.Build.0 = Debug|Any CPU
		{C6FEAC35-A15D-4E99-95A3-C24CD2FDD798}.Release|Any CPU.ActiveCfg = Release|Any CPU
		{C6FEAC35-A15D-4E99-95A3-C24CD2FDD798}.Release|Any CPU.Build.0 = Release|Any CPU
		{CF2BE8A8-3FB2-4036-8600-5BB87038B407}.Debug|Any CPU.ActiveCfg = Debug|Any CPU
		{CF2BE8A8-3FB2-4036-8600-5BB87038B407}.Debug|Any CPU.Build.0 = Debug|Any CPU
		{CF2BE8A8-3FB2-4036-8600-5BB87038B407}.Release|Any CPU.ActiveCfg = Release|Any CPU
		{CF2BE8A8-3FB2-4036-8600-5BB87038B407}.Release|Any CPU.Build.0 = Release|Any CPU
		{7B81CF19-F842-44FF-B8AF-BDA4AF3F8079}.Debug|Any CPU.ActiveCfg = Debug|Any CPU
		{7B81CF19-F842-44FF-B8AF-BDA4AF3F8079}.Debug|Any CPU.Build.0 = Debug|Any CPU
		{7B81CF19-F842-44FF-B8AF-BDA4AF3F8079}.Release|Any CPU.ActiveCfg = Release|Any CPU
		{7B81CF19-F842-44FF-B8AF-BDA4AF3F8079}.Release|Any CPU.Build.0 = Release|Any CPU
		{5E1EBD0E-F6FE-4100-A92A-37383045F56C}.Debug|Any CPU.ActiveCfg = Debug|Any CPU
		{5E1EBD0E-F6FE-4100-A92A-37383045F56C}.Debug|Any CPU.Build.0 = Debug|Any CPU
		{5E1EBD0E-F6FE-4100-A92A-37383045F56C}.Release|Any CPU.ActiveCfg = Release|Any CPU
		{5E1EBD0E-F6FE-4100-A92A-37383045F56C}.Release|Any CPU.Build.0 = Release|Any CPU
		{94E2924A-5A95-4A38-A946-719AB622BCFF}.Debug|Any CPU.ActiveCfg = Debug|Any CPU
		{94E2924A-5A95-4A38-A946-719AB622BCFF}.Debug|Any CPU.Build.0 = Debug|Any CPU
		{94E2924A-5A95-4A38-A946-719AB622BCFF}.Release|Any CPU.ActiveCfg = Release|Any CPU
		{94E2924A-5A95-4A38-A946-719AB622BCFF}.Release|Any CPU.Build.0 = Release|Any CPU
	EndGlobalSection
	GlobalSection(SolutionProperties) = preSolution
		HideSolutionNode = FALSE
	EndGlobalSection
	GlobalSection(NestedProjects) = preSolution
		{C6FEAC35-A15D-4E99-95A3-C24CD2FDD798} = {F2D2E5F0-A96A-427E-A5D7-3D7864E30C8C}
		{CF2BE8A8-3FB2-4036-8600-5BB87038B407} = {6A0FFD90-2F3D-4D02-ABF9-D63B11CC7442}
		{7B81CF19-F842-44FF-B8AF-BDA4AF3F8079} = {7FB323B4-3ED9-4406-9946-EAF03F90ABEE}
		{5E1EBD0E-F6FE-4100-A92A-37383045F56C} = {6A0FFD90-2F3D-4D02-ABF9-D63B11CC7442}
		{94E2924A-5A95-4A38-A946-719AB622BCFF} = {7FB323B4-3ED9-4406-9946-EAF03F90ABEE}
	EndGlobalSection
EndGlobal
