
Microsoft Visual Studio Solution File, Format Version 12.00
# Visual Studio 14
VisualStudioVersion = 14.0.23107.0
MinimumVisualStudioVersion = 10.0.40219.1
Project("{FAE04EC0-301F-11D3-BF4B-00C04F79EFBC}") = "MqttStressTester", "MqttStressTester\MqttStressTester.csproj", "{C6FEAC35-A15D-4E99-95A3-C24CD2FDD798}"
EndProject
Project("{FAE04EC0-301F-11D3-BF4B-00C04F79EFBC}") = "CloudMqttStressTester", "CloudMqttStressTester\CloudMqttStressTester.csproj", "{CF2BE8A8-3FB2-4036-8600-5BB87038B407}"
EndProject
Project("{CC5FD16D-436D-48AD-A40C-5A424C6E3E79}") = "CloudStressTester", "CloudStressTester\CloudStressTester.ccproj", "{7B81CF19-F842-44FF-B8AF-BDA4AF3F8079}"
EndProject
Project("{2150E333-8FDC-42A3-9474-1A3956D46DE8}") = "10 Workers", "10 Workers", "{6A0FFD90-2F3D-4D02-ABF9-D63B11CC7442}"
EndProject
Project("{2150E333-8FDC-42A3-9474-1A3956D46DE8}") = "60 Deployment", "60 Deployment", "{7FB323B4-3ED9-4406-9946-EAF03F90ABEE}"
EndProject
Project("{2150E333-8FDC-42A3-9474-1A3956D46DE8}") = "30 Tests", "30 Tests", "{F2D2E5F0-A96A-427E-A5D7-3D7864E30C8C}"
EndProject
Project("{FAE04EC0-301F-11D3-BF4B-00C04F79EFBC}") = "ConcurrentConnectionStressTester", "ConcurrentConnectionStressTester\ConcurrentConnectionStressTester.csproj", "{086EBBDF-4176-4AF2-BE75-0886407DBC7E}"
EndProject
Project("{CC5FD16D-436D-48AD-A40C-5A424C6E3E79}") = "ConcurrentConTester", "ConcurrentConTester\ConcurrentConTester.ccproj", "{2543B28A-FA2A-431B-8BF5-3F3657C00D29}"
EndProject
Project("{CC5FD16D-436D-48AD-A40C-5A424C6E3E79}") = "BroadcastStressTester", "BrokerStressTester\BroadcastStressTester.ccproj", "{FC6F2D79-AA6F-484E-A9AF-2718EB69B9BC}"
EndProject
Project("{FAE04EC0-301F-11D3-BF4B-00C04F79EFBC}") = "BroadcastTester", "BroadcastTester\BroadcastTester.csproj", "{DE75D0E0-9250-4265-AB6A-1411CA604D8F}"
EndProject
Project("{FAE04EC0-301F-11D3-BF4B-00C04F79EFBC}") = "BroadcastReceiver", "BroadcastReceiver\BroadcastReceiver.csproj", "{2CF0ADF6-F28F-4DBA-AD05-6269B15006DA}"
EndProject
Global
	GlobalSection(SolutionConfigurationPlatforms) = preSolution
		Debug|Any CPU = Debug|Any CPU
		Release|Any CPU = Release|Any CPU
	EndGlobalSection
	GlobalSection(ProjectConfigurationPlatforms) = postSolution
		{C6FEAC35-A15D-4E99-95A3-C24CD2FDD798}.Debug|Any CPU.ActiveCfg = Debug|Any CPU
		{C6FEAC35-A15D-4E99-95A3-C24CD2FDD798}.Debug|Any CPU.Build.0 = Debug|Any CPU
		{C6FEAC35-A15D-4E99-95A3-C24CD2FDD798}.Release|Any CPU.ActiveCfg = Release|Any CPU
		{C6FEAC35-A15D-4E99-95A3-C24CD2FDD798}.Release|Any CPU.Build.0 = Release|Any CPU
		{CF2BE8A8-3FB2-4036-8600-5BB87038B407}.Debug|Any CPU.ActiveCfg = Debug|Any CPU
		{CF2BE8A8-3FB2-4036-8600-5BB87038B407}.Debug|Any CPU.Build.0 = Debug|Any CPU
		{CF2BE8A8-3FB2-4036-8600-5BB87038B407}.Release|Any CPU.ActiveCfg = Release|Any CPU
		{CF2BE8A8-3FB2-4036-8600-5BB87038B407}.Release|Any CPU.Build.0 = Release|Any CPU
		{7B81CF19-F842-44FF-B8AF-BDA4AF3F8079}.Debug|Any CPU.ActiveCfg = Debug|Any CPU
		{7B81CF19-F842-44FF-B8AF-BDA4AF3F8079}.Debug|Any CPU.Build.0 = Debug|Any CPU
		{7B81CF19-F842-44FF-B8AF-BDA4AF3F8079}.Release|Any CPU.ActiveCfg = Release|Any CPU
		{7B81CF19-F842-44FF-B8AF-BDA4AF3F8079}.Release|Any CPU.Build.0 = Release|Any CPU
		{086EBBDF-4176-4AF2-BE75-0886407DBC7E}.Debug|Any CPU.ActiveCfg = Debug|Any CPU
		{086EBBDF-4176-4AF2-BE75-0886407DBC7E}.Debug|Any CPU.Build.0 = Debug|Any CPU
		{086EBBDF-4176-4AF2-BE75-0886407DBC7E}.Release|Any CPU.ActiveCfg = Release|Any CPU
		{086EBBDF-4176-4AF2-BE75-0886407DBC7E}.Release|Any CPU.Build.0 = Release|Any CPU
		{2543B28A-FA2A-431B-8BF5-3F3657C00D29}.Debug|Any CPU.ActiveCfg = Debug|Any CPU
		{2543B28A-FA2A-431B-8BF5-3F3657C00D29}.Debug|Any CPU.Build.0 = Debug|Any CPU
		{2543B28A-FA2A-431B-8BF5-3F3657C00D29}.Release|Any CPU.ActiveCfg = Release|Any CPU
		{2543B28A-FA2A-431B-8BF5-3F3657C00D29}.Release|Any CPU.Build.0 = Release|Any CPU
		{FC6F2D79-AA6F-484E-A9AF-2718EB69B9BC}.Debug|Any CPU.ActiveCfg = Debug|Any CPU
		{FC6F2D79-AA6F-484E-A9AF-2718EB69B9BC}.Debug|Any CPU.Build.0 = Debug|Any CPU
		{FC6F2D79-AA6F-484E-A9AF-2718EB69B9BC}.Release|Any CPU.ActiveCfg = Release|Any CPU
		{FC6F2D79-AA6F-484E-A9AF-2718EB69B9BC}.Release|Any CPU.Build.0 = Release|Any CPU
		{DE75D0E0-9250-4265-AB6A-1411CA604D8F}.Debug|Any CPU.ActiveCfg = Debug|Any CPU
		{DE75D0E0-9250-4265-AB6A-1411CA604D8F}.Debug|Any CPU.Build.0 = Debug|Any CPU
		{DE75D0E0-9250-4265-AB6A-1411CA604D8F}.Release|Any CPU.ActiveCfg = Release|Any CPU
		{DE75D0E0-9250-4265-AB6A-1411CA604D8F}.Release|Any CPU.Build.0 = Release|Any CPU
		{2CF0ADF6-F28F-4DBA-AD05-6269B15006DA}.Debug|Any CPU.ActiveCfg = Debug|Any CPU
		{2CF0ADF6-F28F-4DBA-AD05-6269B15006DA}.Debug|Any CPU.Build.0 = Debug|Any CPU
		{2CF0ADF6-F28F-4DBA-AD05-6269B15006DA}.Release|Any CPU.ActiveCfg = Release|Any CPU
		{2CF0ADF6-F28F-4DBA-AD05-6269B15006DA}.Release|Any CPU.Build.0 = Release|Any CPU
	EndGlobalSection
	GlobalSection(SolutionProperties) = preSolution
		HideSolutionNode = FALSE
	EndGlobalSection
	GlobalSection(NestedProjects) = preSolution
		{C6FEAC35-A15D-4E99-95A3-C24CD2FDD798} = {F2D2E5F0-A96A-427E-A5D7-3D7864E30C8C}
		{CF2BE8A8-3FB2-4036-8600-5BB87038B407} = {6A0FFD90-2F3D-4D02-ABF9-D63B11CC7442}
		{7B81CF19-F842-44FF-B8AF-BDA4AF3F8079} = {7FB323B4-3ED9-4406-9946-EAF03F90ABEE}
		{086EBBDF-4176-4AF2-BE75-0886407DBC7E} = {6A0FFD90-2F3D-4D02-ABF9-D63B11CC7442}
		{2543B28A-FA2A-431B-8BF5-3F3657C00D29} = {7FB323B4-3ED9-4406-9946-EAF03F90ABEE}
		{FC6F2D79-AA6F-484E-A9AF-2718EB69B9BC} = {7FB323B4-3ED9-4406-9946-EAF03F90ABEE}
		{DE75D0E0-9250-4265-AB6A-1411CA604D8F} = {6A0FFD90-2F3D-4D02-ABF9-D63B11CC7442}
		{2CF0ADF6-F28F-4DBA-AD05-6269B15006DA} = {6A0FFD90-2F3D-4D02-ABF9-D63B11CC7442}
	EndGlobalSection
EndGlobal
